
Microsoft Visual Studio Solution File, Format Version 12.00
# Visual Studio Version 16
VisualStudioVersion = 16.0.31727.386
MinimumVisualStudioVersion = 10.0.40219.1
Project("{FAE04EC0-301F-11D3-BF4B-00C04F79EFBC}") = "Tangram", "Tangram\Tangram.csproj", "{A5FCEC31-7D77-466D-B1B2-B142FF122586}"
EndProject
Global
	GlobalSection(SolutionConfigurationPlatforms) = preSolution
		Debug|Any CPU = Debug|Any CPU
		Release|Any CPU = Release|Any CPU
	EndGlobalSection
	GlobalSection(ProjectConfigurationPlatforms) = postSolution
		{A5FCEC31-7D77-466D-B1B2-B142FF122586}.Debug|Any CPU.ActiveCfg = Debug|Any CPU
		{A5FCEC31-7D77-466D-B1B2-B142FF122586}.Debug|Any CPU.Build.0 = Debug|Any CPU
		{A5FCEC31-7D77-466D-B1B2-B142FF122586}.Release|Any CPU.ActiveCfg = Release|Any CPU
		{A5FCEC31-7D77-466D-B1B2-B142FF122586}.Release|Any CPU.Build.0 = Release|Any CPU
	EndGlobalSection
	GlobalSection(SolutionProperties) = preSolution
		HideSolutionNode = FALSE
	EndGlobalSection
	GlobalSection(ExtensibilityGlobals) = postSolution
		SolutionGuid = {12A3AF6C-B8FE-4DF8-B8EC-C9F599869C78}
	EndGlobalSection
EndGlobal
